<?xml version="1.0" encoding="utf-8"?>
<Project ToolsVersion="4.0" xmlns="http://schemas.microsoft.com/developer/msbuild/2003">
  <ItemGroup>
    <Filter Include="Source Files">
      <UniqueIdentifier>{4FC737F1-C7A5-4376-A066-2A32D752A2FF}</UniqueIdentifier>
      <Extensions>cpp;c;cc;cxx;def;odl;idl;hpj;bat;asm;asmx</Extensions>
    </Filter>
    <Filter Include="Header Files">
      <UniqueIdentifier>{93995380-89BD-4b04-88EB-625FBE52EBFB}</UniqueIdentifier>
      <Extensions>h;hh;hpp;hxx;hm;inl;inc;ipp;xsd</Extensions>
    </Filter>
    <Filter Include="Resource Files">
      <UniqueIdentifier>{67DA6AB6-F800-4c08-8B7A-83BB121AAD01}</UniqueIdentifier>
      <Extensions>rc;ico;cur;bmp;dlg;rc2;rct;bin;rgs;gif;jpg;jpeg;jpe;resx;tiff;tif;png;wav;mfcribbon-ms</Extensions>
    </Filter>
    <Filter Include="graphics">
      <UniqueIdentifier>{532e3d52-78f4-42a8-85ea-88b8b8daa555}</UniqueIdentifier>
    </Filter>
    <Filter Include="sound">
      <UniqueIdentifier>{9b7c3bf4-e44e-41fe-8e76-061655b5e066}</UniqueIdentifier>
    </Filter>
    <Filter Include="fonts">
      <UniqueIdentifier>{8abb0b7a-c12b-4470-8168-0ab6c4effa06}</UniqueIdentifier>
    </Filter>
  </ItemGroup>
  <ItemGroup>
    <Media Include="sound\chop.wav">
      <Filter>sound</Filter>
    </Media>
    <Media Include="sound\death.wav">
      <Filter>sound</Filter>
    </Media>
    <Media Include="sound\out_of_time.wav">
      <Filter>sound</Filter>
    </Media>
  </ItemGroup>
  <ItemGroup>
    <Image Include="graphics\branch.png">
      <Filter>graphics</Filter>
    </Image>
    <Image Include="graphics\cloud.png">
      <Filter>graphics</Filter>
    </Image>
    <Image Include="graphics\log.png">
      <Filter>graphics</Filter>
    </Image>
    <Image Include="graphics\player.png">
      <Filter>graphics</Filter>
    </Image>
    <Image Include="graphics\rip.png">
      <Filter>graphics</Filter>
    </Image>
    <Image Include="graphics\tree.png">
      <Filter>graphics</Filter>
    </Image>
    <Image Include="graphics\tree2.png">
      <Filter>graphics</Filter>
    </Image>
    <Image Include="graphics\axe.png">
      <Filter>graphics</Filter>
    </Image>
    <Image Include="graphics\background.png">
      <Filter>graphics</Filter>
    </Image>
    <Image Include="graphics\bee.png">
      <Filter>graphics</Filter>
    </Image>
  </ItemGroup>
  <ItemGroup>
    <Font Include="fonts\KOMIKAP_.ttf">
      <Filter>fonts</Filter>
    </Font>
  </ItemGroup>
  <ItemGroup>
    <ClCompile Include="Chopping_Time.cpp">
      <Filter>Source Files</Filter>
    </ClCompile>
  </ItemGroup>
</Project>